<Solution>
  <Folder Name="/src/">
    <Project Path="src/Gardenerim.Blazor/Gardenerim.Blazor.csproj" />
  </Folder>
  <Folder Name="/samples/">
    <Project Path="samples/Gardenerim.Blazor.Demo/Gardenerim.Blazor.Demo.csproj" />
  </Folder>
  <Folder Name="/tests/">
    <Project Path="tests/Gardenerim.Blazor.Tests/Gardenerim.Blazor.Tests.csproj" />
  </Folder>
</Solution>
