<Solution>
  <Folder Name="/src/">
    <Project Path="src/Gardener.Blazor/Gardener.Blazor.csproj" />
  </Folder>
  <Folder Name="/samples/">
    <Project Path="samples/Gardener.Blazor.Demo/Gardener.Blazor.Demo.csproj" />
  </Folder>
  <Folder Name="/tests/">
    <Project Path="tests/Gardener.Blazor.Tests/Gardener.Blazor.Tests.csproj" />
  </Folder>
</Solution>
